
Microsoft Visual Studio Solution File, Format Version 12.00
# Visual Studio Version 17
VisualStudioVersion = 17.0.31903.59
MinimumVisualStudioVersion = 10.0.40219.1
Project("{FAE04EC0-301F-11D3-BF4B-00C04F79EFBC}") = "API", "API\API.csproj", "{8A78060C-C7F9-4B82-8C9E-3238B29E9D8D}"
EndProject
Project("{FAE04EC0-301F-11D3-BF4B-00C04F79EFBC}") = "Application", "Application\Application.csproj", "{75CCEDDB-DC55-4E6D-BC9C-44747DCEC7B3}"
EndProject
Project("{FAE04EC0-301F-11D3-BF4B-00C04F79EFBC}") = "Domain", "Domain\Domain.csproj", "{24F51C71-CC6B-46A5-BB59-FF6F2B093D40}"
EndProject
Project("{FAE04EC0-301F-11D3-BF4B-00C04F79EFBC}") = "Persistance", "Persistance\Persistance.csproj", "{D293A3B5-AD0D-4BE0-8A08-5A7464A96A7C}"
EndProject
Global
	GlobalSection(SolutionConfigurationPlatforms) = preSolution
		Debug|Any CPU = Debug|Any CPU
		Debug|x64 = Debug|x64
		Debug|x86 = Debug|x86
		Release|Any CPU = Release|Any CPU
		Release|x64 = Release|x64
		Release|x86 = Release|x86
	EndGlobalSection
	GlobalSection(ProjectConfigurationPlatforms) = postSolution
		{8A78060C-C7F9-4B82-8C9E-3238B29E9D8D}.Debug|Any CPU.ActiveCfg = Debug|Any CPU
		{8A78060C-C7F9-4B82-8C9E-3238B29E9D8D}.Debug|Any CPU.Build.0 = Debug|Any CPU
		{8A78060C-C7F9-4B82-8C9E-3238B29E9D8D}.Debug|x64.ActiveCfg = Debug|Any CPU
		{8A78060C-C7F9-4B82-8C9E-3238B29E9D8D}.Debug|x64.Build.0 = Debug|Any CPU
		{8A78060C-C7F9-4B82-8C9E-3238B29E9D8D}.Debug|x86.ActiveCfg = Debug|Any CPU
		{8A78060C-C7F9-4B82-8C9E-3238B29E9D8D}.Debug|x86.Build.0 = Debug|Any CPU
		{8A78060C-C7F9-4B82-8C9E-3238B29E9D8D}.Release|Any CPU.ActiveCfg = Release|Any CPU
		{8A78060C-C7F9-4B82-8C9E-3238B29E9D8D}.Release|Any CPU.Build.0 = Release|Any CPU
		{8A78060C-C7F9-4B82-8C9E-3238B29E9D8D}.Release|x64.ActiveCfg = Release|Any CPU
		{8A78060C-C7F9-4B82-8C9E-3238B29E9D8D}.Release|x64.Build.0 = Release|Any CPU
		{8A78060C-C7F9-4B82-8C9E-3238B29E9D8D}.Release|x86.ActiveCfg = Release|Any CPU
		{8A78060C-C7F9-4B82-8C9E-3238B29E9D8D}.Release|x86.Build.0 = Release|Any CPU
		{75CCEDDB-DC55-4E6D-BC9C-44747DCEC7B3}.Debug|Any CPU.ActiveCfg = Debug|Any CPU
		{75CCEDDB-DC55-4E6D-BC9C-44747DCEC7B3}.Debug|Any CPU.Build.0 = Debug|Any CPU
		{75CCEDDB-DC55-4E6D-BC9C-44747DCEC7B3}.Debug|x64.ActiveCfg = Debug|Any CPU
		{75CCEDDB-DC55-4E6D-BC9C-44747DCEC7B3}.Debug|x64.Build.0 = Debug|Any CPU
		{75CCEDDB-DC55-4E6D-BC9C-44747DCEC7B3}.Debug|x86.ActiveCfg = Debug|Any CPU
		{75CCEDDB-DC55-4E6D-BC9C-44747DCEC7B3}.Debug|x86.Build.0 = Debug|Any CPU
		{75CCEDDB-DC55-4E6D-BC9C-44747DCEC7B3}.Release|Any CPU.ActiveCfg = Release|Any CPU
		{75CCEDDB-DC55-4E6D-BC9C-44747DCEC7B3}.Release|Any CPU.Build.0 = Release|Any CPU
		{75CCEDDB-DC55-4E6D-BC9C-44747DCEC7B3}.Release|x64.ActiveCfg = Release|Any CPU
		{75CCEDDB-DC55-4E6D-BC9C-44747DCEC7B3}.Release|x64.Build.0 = Release|Any CPU
		{75CCEDDB-DC55-4E6D-BC9C-44747DCEC7B3}.Release|x86.ActiveCfg = Release|Any CPU
		{75CCEDDB-DC55-4E6D-BC9C-44747DCEC7B3}.Release|x86.Build.0 = Release|Any CPU
		{24F51C71-CC6B-46A5-BB59-FF6F2B093D40}.Debug|Any CPU.ActiveCfg = Debug|Any CPU
		{24F51C71-CC6B-46A5-BB59-FF6F2B093D40}.Debug|Any CPU.Build.0 = Debug|Any CPU
		{24F51C71-CC6B-46A5-BB59-FF6F2B093D40}.Debug|x64.ActiveCfg = Debug|Any CPU
		{24F51C71-CC6B-46A5-BB59-FF6F2B093D40}.Debug|x64.Build.0 = Debug|Any CPU
		{24F51C71-CC6B-46A5-BB59-FF6F2B093D40}.Debug|x86.ActiveCfg = Debug|Any CPU
		{24F51C71-CC6B-46A5-BB59-FF6F2B093D40}.Debug|x86.Build.0 = Debug|Any CPU
		{24F51C71-CC6B-46A5-BB59-FF6F2B093D40}.Release|Any CPU.ActiveCfg = Release|Any CPU
		{24F51C71-CC6B-46A5-BB59-FF6F2B093D40}.Release|Any CPU.Build.0 = Release|Any CPU
		{24F51C71-CC6B-46A5-BB59-FF6F2B093D40}.Release|x64.ActiveCfg = Release|Any CPU
		{24F51C71-CC6B-46A5-BB59-FF6F2B093D40}.Release|x64.Build.0 = Release|Any CPU
		{24F51C71-CC6B-46A5-BB59-FF6F2B093D40}.Release|x86.ActiveCfg = Release|Any CPU
		{24F51C71-CC6B-46A5-BB59-FF6F2B093D40}.Release|x86.Build.0 = Release|Any CPU
		{D293A3B5-AD0D-4BE0-8A08-5A7464A96A7C}.Debug|Any CPU.ActiveCfg = Debug|Any CPU
		{D293A3B5-AD0D-4BE0-8A08-5A7464A96A7C}.Debug|Any CPU.Build.0 = Debug|Any CPU
		{D293A3B5-AD0D-4BE0-8A08-5A7464A96A7C}.Debug|x64.ActiveCfg = Debug|Any CPU
		{D293A3B5-AD0D-4BE0-8A08-5A7464A96A7C}.Debug|x64.Build.0 = Debug|Any CPU
		{D293A3B5-AD0D-4BE0-8A08-5A7464A96A7C}.Debug|x86.ActiveCfg = Debug|Any CPU
		{D293A3B5-AD0D-4BE0-8A08-5A7464A96A7C}.Debug|x86.Build.0 = Debug|Any CPU
		{D293A3B5-AD0D-4BE0-8A08-5A7464A96A7C}.Release|Any CPU.ActiveCfg = Release|Any CPU
		{D293A3B5-AD0D-4BE0-8A08-5A7464A96A7C}.Release|Any CPU.Build.0 = Release|Any CPU
		{D293A3B5-AD0D-4BE0-8A08-5A7464A96A7C}.Release|x64.ActiveCfg = Release|Any CPU
		{D293A3B5-AD0D-4BE0-8A08-5A7464A96A7C}.Release|x64.Build.0 = Release|Any CPU
		{D293A3B5-AD0D-4BE0-8A08-5A7464A96A7C}.Release|x86.ActiveCfg = Release|Any CPU
		{D293A3B5-AD0D-4BE0-8A08-5A7464A96A7C}.Release|x86.Build.0 = Release|Any CPU
	EndGlobalSection
	GlobalSection(SolutionProperties) = preSolution
		HideSolutionNode = FALSE
	EndGlobalSection
EndGlobal
